{
  "name": "Raki Project",
  "lockfileVersion": 3,
  "requires": true,
  "packages": {
    "": {
      "dependencies": {
        "@stripe/stripe-js": "^9.8.0"
      }
    },
    "node_modules/@stripe/stripe-js": {
      "version": "9.8.0",
      "resolved": "https://registry.npmjs.org/@stripe/stripe-js/-/stripe-js-9.8.0.tgz",
      "integrity": "sha512-DHJpol/98VKyojNSYmpkB5vOMnlf87hPe0wPxyaYTNiTMk5QjKMXDfSZLwGctYIXAgAWDFeRABc8lFAj0BELyw==",
      "engines": {
        "node": ">=12.16"
      }
    }
  }
}
